<?xml version="1.0" encoding="utf-8"?>
<Project ToolsVersion="4.0" xmlns="http://schemas.microsoft.com/developer/msbuild/2003">
  <ItemGroup>
    <Filter Include="Source Files">
      <UniqueIdentifier>{4FC737F1-C7A5-4376-A066-2A32D752A2FF}</UniqueIdentifier>
      <Extensions>cpp;c;cc;cxx;def;odl;idl;hpj;bat;asm;asmx</Extensions>
    </Filter>
    <Filter Include="Header Files">
      <UniqueIdentifier>{93995380-89BD-4b04-88EB-625FBE52EBFB}</UniqueIdentifier>
      <Extensions>h;hh;hpp;hxx;hm;inl;inc;xsd</Extensions>
    </Filter>
    <Filter Include="Resource Files">
      <UniqueIdentifier>{67DA6AB6-F800-4c08-8B7A-83BB121AAD01}</UniqueIdentifier>
      <Extensions>rc;ico;cur;bmp;dlg;rc2;rct;bin;rgs;gif;jpg;jpeg;jpe;resx;tiff;tif;png;wav</Extensions>
    </Filter>
  </ItemGroup>
  <ItemGroup>
    <ClCompile Include="src\launcher.cpp">
      <Filter>Source Files</Filter>
    </ClCompile>
    <ClCompile Include="src\drawutils\drawutils.cpp">
      <Filter>Source Files</Filter>
    </ClCompile>
    <ClCompile Include="src\gamestate\gamestate.cpp">
      <Filter>Source Files</Filter>
    </ClCompile>
    <ClCompile Include="src\gamestate\ingame.cpp">
      <Filter>Source Files</Filter>
    </ClCompile>
    <ClCompile Include="src\gamestate\titlescreen.cpp">
      <Filter>Source Files</Filter>
    </ClCompile>
    <ClCompile Include="src\input\aicontrol.cpp">
      <Filter>Source Files</Filter>
    </ClCompile>
    <ClCompile Include="src\input\controller.cpp">
      <Filter>Source Files</Filter>
    </ClCompile>
    <ClCompile Include="src\input\inputs.cpp">
      <Filter>Source Files</Filter>
    </ClCompile>
    <ClCompile Include="src\input\joystick.cpp">
      <Filter>Source Files</Filter>
    </ClCompile>
    <ClCompile Include="src\input\keyboard.cpp">
      <Filter>Source Files</Filter>
    </ClCompile>
    <ClCompile Include="src\mall\malldraw.cpp">
      <Filter>Source Files</Filter>
    </ClCompile>
    <ClCompile Include="src\mall\mallobject.cpp">
      <Filter>Source Files</Filter>
    </ClCompile>
    <ClCompile Include="src\mall\mallparser.cpp">
      <Filter>Source Files</Filter>
    </ClCompile>
    <ClCompile Include="src\utils\coord.cpp">
      <Filter>Source Files</Filter>
    </ClCompile>
    <ClCompile Include="src\utils\gamemap.cpp">
      <Filter>Source Files</Filter>
    </ClCompile>
    <ClCompile Include="src\utils\gameobject.cpp">
      <Filter>Source Files</Filter>
    </ClCompile>
    <ClCompile Include="src\character\player.cpp">
      <Filter>Source Files</Filter>
    </ClCompile>
    <ClCompile Include="src\utils\uuidz.cpp">
      <Filter>Source Files</Filter>
    </ClCompile>
    <ClCompile Include="src\character\playerdisplay.cpp">
      <Filter>Source Files</Filter>
    </ClCompile>
  </ItemGroup>
  <ItemGroup>
    <ClInclude Include="src\drawutils\drawutils.h">
      <Filter>Header Files</Filter>
    </ClInclude>
    <ClInclude Include="src\gamestate\gamestate.h">
      <Filter>Header Files</Filter>
    </ClInclude>
    <ClInclude Include="src\gamestate\ingame.h">
      <Filter>Header Files</Filter>
    </ClInclude>
    <ClInclude Include="src\gamestate\titlescreen.h">
      <Filter>Header Files</Filter>
    </ClInclude>
    <ClInclude Include="src\input\aicontrol.h">
      <Filter>Header Files</Filter>
    </ClInclude>
    <ClInclude Include="src\input\controller.h">
      <Filter>Header Files</Filter>
    </ClInclude>
    <ClInclude Include="src\input\inputs.h">
      <Filter>Header Files</Filter>
    </ClInclude>
    <ClInclude Include="src\input\joystick.h">
      <Filter>Header Files</Filter>
    </ClInclude>
    <ClInclude Include="src\input\keyboard.h">
      <Filter>Header Files</Filter>
    </ClInclude>
    <ClInclude Include="src\mall\malldraw.h">
      <Filter>Header Files</Filter>
    </ClInclude>
    <ClInclude Include="src\mall\mallobject.h">
      <Filter>Header Files</Filter>
    </ClInclude>
    <ClInclude Include="src\mall\mallparser.h">
      <Filter>Header Files</Filter>
    </ClInclude>
    <ClInclude Include="src\utils\common.h">
      <Filter>Header Files</Filter>
    </ClInclude>
    <ClInclude Include="src\utils\coord.h">
      <Filter>Header Files</Filter>
    </ClInclude>
    <ClInclude Include="src\utils\gamemap.h">
      <Filter>Header Files</Filter>
    </ClInclude>
    <ClInclude Include="src\utils\gameobject.h">
      <Filter>Header Files</Filter>
    </ClInclude>
    <ClInclude Include="src\character\player.h">
      <Filter>Header Files</Filter>
    </ClInclude>
    <ClInclude Include="src\utils\uuid.h">
      <Filter>Header Files</Filter>
    </ClInclude>
    <ClInclude Include="src\utils\renderobject.h">
      <Filter>Header Files</Filter>
    </ClInclude>
    <ClInclude Include="src\character\playerdisplay.h">
      <Filter>Header Files</Filter>
    </ClInclude>
  </ItemGroup>
</Project>